
Microsoft Visual Studio Solution File, Format Version 12.00
# Visual Studio Version 17
VisualStudioVersion = 17.2.32616.157
MinimumVisualStudioVersion = 10.0.40219.1
Project("{FAE04EC0-301F-11D3-BF4B-00C04F79EFBC}") = "OAuth20Demo.Server", "Server\OAuth20Demo.Server.csproj", "{47E3463C-D83A-408A-85BE-F8988FA0BA1C}"
EndProject
Project("{FAE04EC0-301F-11D3-BF4B-00C04F79EFBC}") = "OAuth20Demo.Client", "Client\OAuth20Demo.Client.csproj", "{B19266EE-781E-4C97-859E-595150F24811}"
EndProject
Project("{FAE04EC0-301F-11D3-BF4B-00C04F79EFBC}") = "OAuth20Demo.Shared", "Shared\OAuth20Demo.Shared.csproj", "{34AEBD80-4299-42BD-8436-8CB44E12B3B7}"
EndProject
Global
	GlobalSection(SolutionConfigurationPlatforms) = preSolution
		Debug|Any CPU = Debug|Any CPU
		Release|Any CPU = Release|Any CPU
	EndGlobalSection
	GlobalSection(ProjectConfigurationPlatforms) = postSolution
		{47E3463C-D83A-408A-85BE-F8988FA0BA1C}.Debug|Any CPU.ActiveCfg = Debug|Any CPU
		{47E3463C-D83A-408A-85BE-F8988FA0BA1C}.Debug|Any CPU.Build.0 = Debug|Any CPU
		{47E3463C-D83A-408A-85BE-F8988FA0BA1C}.Release|Any CPU.ActiveCfg = Release|Any CPU
		{47E3463C-D83A-408A-85BE-F8988FA0BA1C}.Release|Any CPU.Build.0 = Release|Any CPU
		{B19266EE-781E-4C97-859E-595150F24811}.Debug|Any CPU.ActiveCfg = Debug|Any CPU
		{B19266EE-781E-4C97-859E-595150F24811}.Debug|Any CPU.Build.0 = Debug|Any CPU
		{B19266EE-781E-4C97-859E-595150F24811}.Release|Any CPU.ActiveCfg = Release|Any CPU
		{B19266EE-781E-4C97-859E-595150F24811}.Release|Any CPU.Build.0 = Release|Any CPU
		{34AEBD80-4299-42BD-8436-8CB44E12B3B7}.Debug|Any CPU.ActiveCfg = Debug|Any CPU
		{34AEBD80-4299-42BD-8436-8CB44E12B3B7}.Debug|Any CPU.Build.0 = Debug|Any CPU
		{34AEBD80-4299-42BD-8436-8CB44E12B3B7}.Release|Any CPU.ActiveCfg = Release|Any CPU
		{34AEBD80-4299-42BD-8436-8CB44E12B3B7}.Release|Any CPU.Build.0 = Release|Any CPU
	EndGlobalSection
	GlobalSection(SolutionProperties) = preSolution
		HideSolutionNode = FALSE
	EndGlobalSection
	GlobalSection(ExtensibilityGlobals) = postSolution
		SolutionGuid = {BA1F203E-FF5F-477A-B561-0920A2C5E9F0}
	EndGlobalSection
EndGlobal
